
Microsoft Visual Studio Solution File, Format Version 12.00
# Visual Studio Version 16
VisualStudioVersion = 16.0.30717.126
MinimumVisualStudioVersion = 10.0.40219.1
Project("{FAE04EC0-301F-11D3-BF4B-00C04F79EFBC}") = "C_sharp_HW_1", "C_sharp_HW_1.csproj", "{21E55CEA-D8FF-41FC-985C-268F17B4706C}"
EndProject
Global
	GlobalSection(SolutionConfigurationPlatforms) = preSolution
		Debug|Any CPU = Debug|Any CPU
		Release|Any CPU = Release|Any CPU
	EndGlobalSection
	GlobalSection(ProjectConfigurationPlatforms) = postSolution
		{21E55CEA-D8FF-41FC-985C-268F17B4706C}.Debug|Any CPU.ActiveCfg = Debug|Any CPU
		{21E55CEA-D8FF-41FC-985C-268F17B4706C}.Debug|Any CPU.Build.0 = Debug|Any CPU
		{21E55CEA-D8FF-41FC-985C-268F17B4706C}.Release|Any CPU.ActiveCfg = Release|Any CPU
		{21E55CEA-D8FF-41FC-985C-268F17B4706C}.Release|Any CPU.Build.0 = Release|Any CPU
	EndGlobalSection
	GlobalSection(SolutionProperties) = preSolution
		HideSolutionNode = FALSE
	EndGlobalSection
	GlobalSection(ExtensibilityGlobals) = postSolution
		SolutionGuid = {26AD2528-AB5D-4F8E-B9BA-4C42690F949E}
	EndGlobalSection
EndGlobal
